// !$*UTF8*$!
{
	archiveVersion = 1;
	classes = {
	};
	objectVersion = 46;
	objects = {

/* Begin PBXBuildFile section */
		DD74CDEE1C242C8800141603 /* ViewController.m in Sources */ = {isa = PBXBuildFile; fileRef = DD74CDEC1C242C8800141603 /* ViewController.m */; };
		DD74CDEF1C242C8800141603 /* ViewController.xib in Resources */ = {isa = PBXBuildFile; fileRef = DD74CDED1C242C8800141603 /* ViewController.xib */; };
		DD74CDF31C24322900141603 /* VendorListViewController.m in Sources */ = {isa = PBXBuildFile; fileRef = DD74CDF11C24322900141603 /* VendorListViewController.m */; };
		DD74CDF41C24322900141603 /* VendorListViewController.xib in Resources */ = {isa = PBXBuildFile; fileRef = DD74CDF21C24322900141603 /* VendorListViewController.xib */; };
		DD74CDF61C24391100141603 /* Screen-Shot-2012-07-20-at-1_43_13-PM.png in Resources */ = {isa = PBXBuildFile; fileRef = DD74CDF51C24391100141603 /* Screen-Shot-2012-07-20-at-1_43_13-PM.png */; };
		DD74CDFA1C2440C900141603 /* NibCell.m in Sources */ = {isa = PBXBuildFile; fileRef = DD74CDF81C2440C900141603 /* NibCell.m */; };
		DD74CDFB1C2440C900141603 /* NibCell.xib in Resources */ = {isa = PBXBuildFile; fileRef = DD74CDF91C2440C900141603 /* NibCell.xib */; };
		DDA08A241C2428C8000C6B7C /* main.m in Sources */ = {isa = PBXBuildFile; fileRef = DDA08A231C2428C8000C6B7C /* main.m */; };
		DDA08A271C2428C8000C6B7C /* AppDelegate.m in Sources */ = {isa = PBXBuildFile; fileRef = DDA08A261C2428C8000C6B7C /* AppDelegate.m */; };
		DDA08A2F1C2428C8000C6B7C /* Assets.xcassets in Resources */ = {isa = PBXBuildFile; fileRef = DDA08A2E1C2428C8000C6B7C /* Assets.xcassets */; };
		DDA08A3D1C2428C8000C6B7C /* VendorListTests.m in Sources */ = {isa = PBXBuildFile; fileRef = DDA08A3C1C2428C8000C6B7C /* VendorListTests.m */; };
		DDA08A481C2428C8000C6B7C /* VendorListUITests.m in Sources */ = {isa = PBXBuildFile; fileRef = DDA08A471C2428C8000C6B7C /* VendorListUITests.m */; };
		DDABABA71C280E7C00CAA066 /* bg image.png in Resources */ = {isa = PBXBuildFile; fileRef = DDABABA61C280E7C00CAA066 /* bg image.png */; };
		DDABABA91C280F5C00CAA066 /* cross button.png in Resources */ = {isa = PBXBuildFile; fileRef = DDABABA81C280F5C00CAA066 /* cross button.png */; };
		DDABABAB1C28100600CAA066 /* cross.png in Resources */ = {isa = PBXBuildFile; fileRef = DDABABAA1C28100600CAA066 /* cross.png */; };
		DDABABAD1C28110A00CAA066 /* call now.png in Resources */ = {isa = PBXBuildFile; fileRef = DDABABAC1C28110A00CAA066 /* call now.png */; };
		DDABABAF1C2816B600CAA066 /* call now & get quote.png in Resources */ = {isa = PBXBuildFile; fileRef = DDABABAE1C2816B600CAA066 /* call now & get quote.png */; };
		DDABABB31C2821BB00CAA066 /* may flower.png in Resources */ = {isa = PBXBuildFile; fileRef = DDABABB11C2821BB00CAA066 /* may flower.png */; };
		DDABABB41C2821BB00CAA066 /* national.png in Resources */ = {isa = PBXBuildFile; fileRef = DDABABB21C2821BB00CAA066 /* national.png */; };
		DDABABC41C2834FE00CAA066 /* empty-page5.png in Resources */ = {isa = PBXBuildFile; fileRef = DDABABC31C2834FE00CAA066 /* empty-page5.png */; };
		DDDC94DB1C29BA0300B4AEDC /* JSONKit.m in Sources */ = {isa = PBXBuildFile; fileRef = DDDC94DA1C29BA0300B4AEDC /* JSONKit.m */; settings = {COMPILER_FLAGS = "-fno-objc-arc"; }; };
		DDDC94DE1C29BC2300B4AEDC /* VendorListParser.m in Sources */ = {isa = PBXBuildFile; fileRef = DDDC94DD1C29BC2300B4AEDC /* VendorListParser.m */; };
		DDDC94E21C29BE7300B4AEDC /* CustomHTTPRequest.m in Sources */ = {isa = PBXBuildFile; fileRef = DDDC94E11C29BE7300B4AEDC /* CustomHTTPRequest.m */; settings = {COMPILER_FLAGS = "-fno-objc-arc"; }; };
		DDDC94E41C29C9A900B4AEDC /* File.JSON in Resources */ = {isa = PBXBuildFile; fileRef = DDDC94E31C29C9A900B4AEDC /* File.JSON */; };
		DDDC94E81C29CA7300B4AEDC /* Vendor.m in Sources */ = {isa = PBXBuildFile; fileRef = DDDC94E71C29CA7300B4AEDC /* Vendor.m */; };
		DDDC94EA1C29CCB100B4AEDC /* ChillDemoJSON.json in Resources */ = {isa = PBXBuildFile; fileRef = DDDC94E91C29CCB100B4AEDC /* ChillDemoJSON.json */; };
/* End PBXBuildFile section */

/* Begin PBXContainerItemProxy section */
		DDA08A391C2428C8000C6B7C /* PBXContainerItemProxy */ = {
			isa = PBXContainerItemProxy;
			containerPortal = DDA08A171C2428C8000C6B7C /* Project object */;
			proxyType = 1;
			remoteGlobalIDString = DDA08A1E1C2428C8000C6B7C;
			remoteInfo = VendorList;
		};
		DDA08A441C2428C8000C6B7C /* PBXContainerItemProxy */ = {
			isa = PBXContainerItemProxy;
			containerPortal = DDA08A171C2428C8000C6B7C /* Project object */;
			proxyType = 1;
			remoteGlobalIDString = DDA08A1E1C2428C8000C6B7C;
			remoteInfo = VendorList;
		};
/* End PBXContainerItemProxy section */

/* Begin PBXFileReference section */
		DD74CDEB1C242C8800141603 /* ViewController.h */ = {isa = PBXFileReference; fileEncoding = 4; lastKnownFileType = sourcecode.c.h; path = ViewController.h; sourceTree = "<group>"; };
		DD74CDEC1C242C8800141603 /* ViewController.m */ = {isa = PBXFileReference; fileEncoding = 4; lastKnownFileType = sourcecode.c.objc; path = ViewController.m; sourceTree = "<group>"; };
		DD74CDED1C242C8800141603 /* ViewController.xib */ = {isa = PBXFileReference; fileEncoding = 4; lastKnownFileType = file.xib; path = ViewController.xib; sourceTree = "<group>"; };
		DD74CDF01C24322900141603 /* VendorListViewController.h */ = {isa = PBXFileReference; fileEncoding = 4; lastKnownFileType = sourcecode.c.h; path = VendorListViewController.h; sourceTree = "<group>"; };
		DD74CDF11C24322900141603 /* VendorListViewController.m */ = {isa = PBXFileReference; fileEncoding = 4; lastKnownFileType = sourcecode.c.objc; path = VendorListViewController.m; sourceTree = "<group>"; };
		DD74CDF21C24322900141603 /* VendorListViewController.xib */ = {isa = PBXFileReference; fileEncoding = 4; lastKnownFileType = file.xib; path = VendorListViewController.xib; sourceTree = "<group>"; };
		DD74CDF51C24391100141603 /* Screen-Shot-2012-07-20-at-1_43_13-PM.png */ = {isa = PBXFileReference; lastKnownFileType = image.png; path = "Screen-Shot-2012-07-20-at-1_43_13-PM.png"; sourceTree = "<group>"; };
		DD74CDF71C2440C900141603 /* NibCell.h */ = {isa = PBXFileReference; fileEncoding = 4; lastKnownFileType = sourcecode.c.h; path = NibCell.h; sourceTree = "<group>"; };
		DD74CDF81C2440C900141603 /* NibCell.m */ = {isa = PBXFileReference; fileEncoding = 4; lastKnownFileType = sourcecode.c.objc; path = NibCell.m; sourceTree = "<group>"; };
		DD74CDF91C2440C900141603 /* NibCell.xib */ = {isa = PBXFileReference; fileEncoding = 4; lastKnownFileType = file.xib; path = NibCell.xib; sourceTree = "<group>"; };
		DDA08A1F1C2428C8000C6B7C /* VendorList.app */ = {isa = PBXFileReference; explicitFileType = wrapper.application; includeInIndex = 0; path = VendorList.app; sourceTree = BUILT_PRODUCTS_DIR; };
		DDA08A231C2428C8000C6B7C /* main.m */ = {isa = PBXFileReference; lastKnownFileType = sourcecode.c.objc; path = main.m; sourceTree = "<group>"; };
		DDA08A251C2428C8000C6B7C /* AppDelegate.h */ = {isa = PBXFileReference; lastKnownFileType = sourcecode.c.h; path = AppDelegate.h; sourceTree = "<group>"; };
		DDA08A261C2428C8000C6B7C /* AppDelegate.m */ = {isa = PBXFileReference; lastKnownFileType = sourcecode.c.objc; path = AppDelegate.m; sourceTree = "<group>"; };
		DDA08A2E1C2428C8000C6B7C /* Assets.xcassets */ = {isa = PBXFileReference; lastKnownFileType = folder.assetcatalog; path = Assets.xcassets; sourceTree = "<group>"; };
		DDA08A331C2428C8000C6B7C /* Info.plist */ = {isa = PBXFileReference; lastKnownFileType = text.plist.xml; path = Info.plist; sourceTree = "<group>"; };
		DDA08A381C2428C8000C6B7C /* VendorListTests.xctest */ = {isa = PBXFileReference; explicitFileType = wrapper.cfbundle; includeInIndex = 0; path = VendorListTests.xctest; sourceTree = BUILT_PRODUCTS_DIR; };
		DDA08A3C1C2428C8000C6B7C /* VendorListTests.m */ = {isa = PBXFileReference; lastKnownFileType = sourcecode.c.objc; path = VendorListTests.m; sourceTree = "<group>"; };
		DDA08A3E1C2428C8000C6B7C /* Info.plist */ = {isa = PBXFileReference; lastKnownFileType = text.plist.xml; path = Info.plist; sourceTree = "<group>"; };
		DDA08A431C2428C8000C6B7C /* VendorListUITests.xctest */ = {isa = PBXFileReference; explicitFileType = wrapper.cfbundle; includeInIndex = 0; path = VendorListUITests.xctest; sourceTree = BUILT_PRODUCTS_DIR; };
		DDA08A471C2428C8000C6B7C /* VendorListUITests.m */ = {isa = PBXFileReference; lastKnownFileType = sourcecode.c.objc; path = VendorListUITests.m; sourceTree = "<group>"; };
		DDA08A491C2428C8000C6B7C /* Info.plist */ = {isa = PBXFileReference; lastKnownFileType = text.plist.xml; path = Info.plist; sourceTree = "<group>"; };
		DDABABA61C280E7C00CAA066 /* bg image.png */ = {isa = PBXFileReference; lastKnownFileType = image.png; path = "bg image.png"; sourceTree = "<group>"; };
		DDABABA81C280F5C00CAA066 /* cross button.png */ = {isa = PBXFileReference; lastKnownFileType = image.png; path = "cross button.png"; sourceTree = "<group>"; };
		DDABABAA1C28100600CAA066 /* cross.png */ = {isa = PBXFileReference; lastKnownFileType = image.png; path = cross.png; sourceTree = "<group>"; };
		DDABABAC1C28110A00CAA066 /* call now.png */ = {isa = PBXFileReference; lastKnownFileType = image.png; path = "call now.png"; sourceTree = "<group>"; };
		DDABABAE1C2816B600CAA066 /* call now & get quote.png */ = {isa = PBXFileReference; lastKnownFileType = image.png; path = "call now & get quote.png"; sourceTree = "<group>"; };
		DDABABB11C2821BB00CAA066 /* may flower.png */ = {isa = PBXFileReference; lastKnownFileType = image.png; path = "may flower.png"; sourceTree = "<group>"; };
		DDABABB21C2821BB00CAA066 /* national.png */ = {isa = PBXFileReference; lastKnownFileType = image.png; path = national.png; sourceTree = "<group>"; };
		DDABABC31C2834FE00CAA066 /* empty-page5.png */ = {isa = PBXFileReference; lastKnownFileType = image.png; path = "empty-page5.png"; sourceTree = "<group>"; };
		DDDC94D91C29BA0300B4AEDC /* JSONKit.h */ = {isa = PBXFileReference; fileEncoding = 4; lastKnownFileType = sourcecode.c.h; path = JSONKit.h; sourceTree = "<group>"; };
		DDDC94DA1C29BA0300B4AEDC /* JSONKit.m */ = {isa = PBXFileReference; fileEncoding = 4; lastKnownFileType = sourcecode.c.objc; path = JSONKit.m; sourceTree = "<group>"; };
		DDDC94DC1C29BC2300B4AEDC /* VendorListParser.h */ = {isa = PBXFileReference; fileEncoding = 4; lastKnownFileType = sourcecode.c.h; name = VendorListParser.h; path = VendorListParser/VendorListParser.h; sourceTree = "<group>"; };
		DDDC94DD1C29BC2300B4AEDC /* VendorListParser.m */ = {isa = PBXFileReference; fileEncoding = 4; lastKnownFileType = sourcecode.c.objc; name = VendorListParser.m; path = VendorListParser/VendorListParser.m; sourceTree = "<group>"; };
		DDDC94E01C29BE7300B4AEDC /* CustomHTTPRequest.h */ = {isa = PBXFileReference; fileEncoding = 4; lastKnownFileType = sourcecode.c.h; path = CustomHTTPRequest.h; sourceTree = "<group>"; };
		DDDC94E11C29BE7300B4AEDC /* CustomHTTPRequest.m */ = {isa = PBXFileReference; fileEncoding = 4; lastKnownFileType = sourcecode.c.objc; path = CustomHTTPRequest.m; sourceTree = "<group>"; };
		DDDC94E31C29C9A900B4AEDC /* File.JSON */ = {isa = PBXFileReference; fileEncoding = 4; lastKnownFileType = text.json; name = File.JSON; path = VendorList/VendorListParser/File.JSON; sourceTree = SOURCE_ROOT; };
		DDDC94E61C29CA7300B4AEDC /* Vendor.h */ = {isa = PBXFileReference; fileEncoding = 4; lastKnownFileType = sourcecode.c.h; name = Vendor.h; path = ModelClass/Vendor.h; sourceTree = "<group>"; };
		DDDC94E71C29CA7300B4AEDC /* Vendor.m */ = {isa = PBXFileReference; fileEncoding = 4; lastKnownFileType = sourcecode.c.objc; name = Vendor.m; path = ModelClass/Vendor.m; sourceTree = "<group>"; };
		DDDC94E91C29CCB100B4AEDC /* ChillDemoJSON.json */ = {isa = PBXFileReference; fileEncoding = 4; lastKnownFileType = text.json; path = ChillDemoJSON.json; sourceTree = "<group>"; };
/* End PBXFileReference section */

/* Begin PBXFrameworksBuildPhase section */
		DDA08A1C1C2428C8000C6B7C /* Frameworks */ = {
			isa = PBXFrameworksBuildPhase;
			buildActionMask = 2147483647;
			files = (
			);
			runOnlyForDeploymentPostprocessing = 0;
		};
		DDA08A351C2428C8000C6B7C /* Frameworks */ = {
			isa = PBXFrameworksBuildPhase;
			buildActionMask = 2147483647;
			files = (
			);
			runOnlyForDeploymentPostprocessing = 0;
		};
		DDA08A401C2428C8000C6B7C /* Frameworks */ = {
			isa = PBXFrameworksBuildPhase;
			buildActionMask = 2147483647;
			files = (
			);
			runOnlyForDeploymentPostprocessing = 0;
		};
/* End PBXFrameworksBuildPhase section */

/* Begin PBXGroup section */
		DDA08A161C2428C7000C6B7C = {
			isa = PBXGroup;
			children = (
				DDA08A211C2428C8000C6B7C /* VendorList */,
				DDABABB01C281EEE00CAA066 /* Images */,
				DDA08A3B1C2428C8000C6B7C /* VendorListTests */,
				DDA08A461C2428C8000C6B7C /* VendorListUITests */,
				DDA08A201C2428C8000C6B7C /* Products */,
			);
			sourceTree = "<group>";
		};
		DDA08A201C2428C8000C6B7C /* Products */ = {
			isa = PBXGroup;
			children = (
				DDA08A1F1C2428C8000C6B7C /* VendorList.app */,
				DDA08A381C2428C8000C6B7C /* VendorListTests.xctest */,
				DDA08A431C2428C8000C6B7C /* VendorListUITests.xctest */,
			);
			name = Products;
			sourceTree = "<group>";
		};
		DDA08A211C2428C8000C6B7C /* VendorList */ = {
			isa = PBXGroup;
			children = (
				DDDC94E51C29CA1E00B4AEDC /* ModelClass */,
				DDDC94BD1C29B7F200B4AEDC /* VendorListParser */,
				DDA08A251C2428C8000C6B7C /* AppDelegate.h */,
				DDA08A261C2428C8000C6B7C /* AppDelegate.m */,
				DD74CDEB1C242C8800141603 /* ViewController.h */,
				DD74CDEC1C242C8800141603 /* ViewController.m */,
				DD74CDED1C242C8800141603 /* ViewController.xib */,
				DD74CDF01C24322900141603 /* VendorListViewController.h */,
				DD74CDF11C24322900141603 /* VendorListViewController.m */,
				DD74CDF21C24322900141603 /* VendorListViewController.xib */,
				DD74CDF71C2440C900141603 /* NibCell.h */,
				DD74CDF81C2440C900141603 /* NibCell.m */,
				DD74CDF91C2440C900141603 /* NibCell.xib */,
				DDA08A2E1C2428C8000C6B7C /* Assets.xcassets */,
				DDA08A331C2428C8000C6B7C /* Info.plist */,
				DDA08A221C2428C8000C6B7C /* Supporting Files */,
			);
			path = VendorList;
			sourceTree = "<group>";
		};
		DDA08A221C2428C8000C6B7C /* Supporting Files */ = {
			isa = PBXGroup;
			children = (
				DDA08A231C2428C8000C6B7C /* main.m */,
			);
			name = "Supporting Files";
			sourceTree = "<group>";
		};
		DDA08A3B1C2428C8000C6B7C /* VendorListTests */ = {
			isa = PBXGroup;
			children = (
				DDA08A3C1C2428C8000C6B7C /* VendorListTests.m */,
				DDA08A3E1C2428C8000C6B7C /* Info.plist */,
			);
			path = VendorListTests;
			sourceTree = "<group>";
		};
		DDA08A461C2428C8000C6B7C /* VendorListUITests */ = {
			isa = PBXGroup;
			children = (
				DDA08A471C2428C8000C6B7C /* VendorListUITests.m */,
				DDA08A491C2428C8000C6B7C /* Info.plist */,
			);
			path = VendorListUITests;
			sourceTree = "<group>";
		};
		DDABABB01C281EEE00CAA066 /* Images */ = {
			isa = PBXGroup;
			children = (
				DDABABC31C2834FE00CAA066 /* empty-page5.png */,
				DDABABB21C2821BB00CAA066 /* national.png */,
				DDABABB11C2821BB00CAA066 /* may flower.png */,
				DDABABAE1C2816B600CAA066 /* call now & get quote.png */,
				DDABABAC1C28110A00CAA066 /* call now.png */,
				DDABABAA1C28100600CAA066 /* cross.png */,
				DDABABA81C280F5C00CAA066 /* cross button.png */,
				DDABABA61C280E7C00CAA066 /* bg image.png */,
				DD74CDF51C24391100141603 /* Screen-Shot-2012-07-20-at-1_43_13-PM.png */,
			);
			name = Images;
			path = VendorList;
			sourceTree = "<group>";
		};
		DDDC94BD1C29B7F200B4AEDC /* VendorListParser */ = {
			isa = PBXGroup;
			children = (
				DDDC94DF1C29BE7300B4AEDC /* CustomHttpRequest */,
				DDDC94D81C29BA0300B4AEDC /* JSONKit */,
				DDDC94DC1C29BC2300B4AEDC /* VendorListParser.h */,
				DDDC94DD1C29BC2300B4AEDC /* VendorListParser.m */,
			);
			name = VendorListParser;
			sourceTree = "<group>";
		};
		DDDC94D81C29BA0300B4AEDC /* JSONKit */ = {
			isa = PBXGroup;
			children = (
				DDDC94D91C29BA0300B4AEDC /* JSONKit.h */,
				DDDC94DA1C29BA0300B4AEDC /* JSONKit.m */,
				DDDC94E31C29C9A900B4AEDC /* File.JSON */,
				DDDC94E91C29CCB100B4AEDC /* ChillDemoJSON.json */,
			);
			name = JSONKit;
			path = VendorListParser/JSONKit;
			sourceTree = "<group>";
		};
		DDDC94DF1C29BE7300B4AEDC /* CustomHttpRequest */ = {
			isa = PBXGroup;
			children = (
				DDDC94E01C29BE7300B4AEDC /* CustomHTTPRequest.h */,
				DDDC94E11C29BE7300B4AEDC /* CustomHTTPRequest.m */,
			);
			name = CustomHttpRequest;
			path = VendorListParser/CustomHttpRequest;
			sourceTree = "<group>";
		};
		DDDC94E51C29CA1E00B4AEDC /* ModelClass */ = {
			isa = PBXGroup;
			children = (
				DDDC94E61C29CA7300B4AEDC /* Vendor.h */,
				DDDC94E71C29CA7300B4AEDC /* Vendor.m */,
			);
			name = ModelClass;
			sourceTree = "<group>";
		};
/* End PBXGroup section */

/* Begin PBXNativeTarget section */
		DDA08A1E1C2428C8000C6B7C /* VendorList */ = {
			isa = PBXNativeTarget;
			buildConfigurationList = DDA08A4C1C2428C8000C6B7C /* Build configuration list for PBXNativeTarget "VendorList" */;
			buildPhases = (
				DDA08A1B1C2428C8000C6B7C /* Sources */,
				DDA08A1C1C2428C8000C6B7C /* Frameworks */,
				DDA08A1D1C2428C8000C6B7C /* Resources */,
			);
			buildRules = (
			);
			dependencies = (
			);
			name = VendorList;
			productName = VendorList;
			productReference = DDA08A1F1C2428C8000C6B7C /* VendorList.app */;
			productType = "com.apple.product-type.application";
		};
		DDA08A371C2428C8000C6B7C /* VendorListTests */ = {
			isa = PBXNativeTarget;
			buildConfigurationList = DDA08A4F1C2428C8000C6B7C /* Build configuration list for PBXNativeTarget "VendorListTests" */;
			buildPhases = (
				DDA08A341C2428C8000C6B7C /* Sources */,
				DDA08A351C2428C8000C6B7C /* Frameworks */,
				DDA08A361C2428C8000C6B7C /* Resources */,
			);
			buildRules = (
			);
			dependencies = (
				DDA08A3A1C2428C8000C6B7C /* PBXTargetDependency */,
			);
			name = VendorListTests;
			productName = VendorListTests;
			productReference = DDA08A381C2428C8000C6B7C /* VendorListTests.xctest */;
			productType = "com.apple.product-type.bundle.unit-test";
		};
		DDA08A421C2428C8000C6B7C /* VendorListUITests */ = {
			isa = PBXNativeTarget;
			buildConfigurationList = DDA08A521C2428C8000C6B7C /* Build configuration list for PBXNativeTarget "VendorListUITests" */;
			buildPhases = (
				DDA08A3F1C2428C8000C6B7C /* Sources */,
				DDA08A401C2428C8000C6B7C /* Frameworks */,
				DDA08A411C2428C8000C6B7C /* Resources */,
			);
			buildRules = (
			);
			dependencies = (
				DDA08A451C2428C8000C6B7C /* PBXTargetDependency */,
			);
			name = VendorListUITests;
			productName = VendorListUITests;
			productReference = DDA08A431C2428C8000C6B7C /* VendorListUITests.xctest */;
			productType = "com.apple.product-type.bundle.ui-testing";
		};
/* End PBXNativeTarget section */

/* Begin PBXProject section */
		DDA08A171C2428C8000C6B7C /* Project object */ = {
			isa = PBXProject;
			attributes = {
				LastUpgradeCheck = 0720;
				ORGANIZATIONNAME = "Saltmines-Mac2";
				TargetAttributes = {
					DDA08A1E1C2428C8000C6B7C = {
						CreatedOnToolsVersion = 7.2;
					};
					DDA08A371C2428C8000C6B7C = {
						CreatedOnToolsVersion = 7.2;
						TestTargetID = DDA08A1E1C2428C8000C6B7C;
					};
					DDA08A421C2428C8000C6B7C = {
						CreatedOnToolsVersion = 7.2;
						TestTargetID = DDA08A1E1C2428C8000C6B7C;
					};
				};
			};
			buildConfigurationList = DDA08A1A1C2428C8000C6B7C /* Build configuration list for PBXProject "VendorList" */;
			compatibilityVersion = "Xcode 3.2";
			developmentRegion = English;
			hasScannedForEncodings = 0;
			knownRegions = (
				en,
				Base,
			);
			mainGroup = DDA08A161C2428C7000C6B7C;
			productRefGroup = DDA08A201C2428C8000C6B7C /* Products */;
			projectDirPath = "";
			projectRoot = "";
			targets = (
				DDA08A1E1C2428C8000C6B7C /* VendorList */,
				DDA08A371C2428C8000C6B7C /* VendorListTests */,
				DDA08A421C2428C8000C6B7C /* VendorListUITests */,
			);
		};
/* End PBXProject section */

/* Begin PBXResourcesBuildPhase section */
		DDA08A1D1C2428C8000C6B7C /* Resources */ = {
			isa = PBXResourcesBuildPhase;
			buildActionMask = 2147483647;
			files = (
				DDABABB41C2821BB00CAA066 /* national.png in Resources */,
				DDABABAB1C28100600CAA066 /* cross.png in Resources */,
				DDABABC41C2834FE00CAA066 /* empty-page5.png in Resources */,
				DDDC94EA1C29CCB100B4AEDC /* ChillDemoJSON.json in Resources */,
				DD74CDEF1C242C8800141603 /* ViewController.xib in Resources */,
				DDABABA91C280F5C00CAA066 /* cross button.png in Resources */,
				DDABABB31C2821BB00CAA066 /* may flower.png in Resources */,
				DDDC94E41C29C9A900B4AEDC /* File.JSON in Resources */,
				DD74CDF41C24322900141603 /* VendorListViewController.xib in Resources */,
				DD74CDF61C24391100141603 /* Screen-Shot-2012-07-20-at-1_43_13-PM.png in Resources */,
				DDABABAD1C28110A00CAA066 /* call now.png in Resources */,
				DD74CDFB1C2440C900141603 /* NibCell.xib in Resources */,
				DDA08A2F1C2428C8000C6B7C /* Assets.xcassets in Resources */,
				DDABABA71C280E7C00CAA066 /* bg image.png in Resources */,
				DDABABAF1C2816B600CAA066 /* call now & get quote.png in Resources */,
			);
			runOnlyForDeploymentPostprocessing = 0;
		};
		DDA08A361C2428C8000C6B7C /* Resources */ = {
			isa = PBXResourcesBuildPhase;
			buildActionMask = 2147483647;
			files = (
			);
			runOnlyForDeploymentPostprocessing = 0;
		};
		DDA08A411C2428C8000C6B7C /* Resources */ = {
			isa = PBXResourcesBuildPhase;
			buildActionMask = 2147483647;
			files = (
			);
			runOnlyForDeploymentPostprocessing = 0;
		};
/* End PBXResourcesBuildPhase section */

/* Begin PBXSourcesBuildPhase section */
		DDA08A1B1C2428C8000C6B7C /* Sources */ = {
			isa = PBXSourcesBuildPhase;
			buildActionMask = 2147483647;
			files = (
				DD74CDEE1C242C8800141603 /* ViewController.m in Sources */,
				DDA08A271C2428C8000C6B7C /* AppDelegate.m in Sources */,
				DDDC94E81C29CA7300B4AEDC /* Vendor.m in Sources */,
				DDDC94E21C29BE7300B4AEDC /* CustomHTTPRequest.m in Sources */,
				DD74CDF31C24322900141603 /* VendorListViewController.m in Sources */,
				DDDC94DE1C29BC2300B4AEDC /* VendorListParser.m in Sources */,
				DDDC94DB1C29BA0300B4AEDC /* JSONKit.m in Sources */,
				DDA08A241C2428C8000C6B7C /* main.m in Sources */,
				DD74CDFA1C2440C900141603 /* NibCell.m in Sources */,
			);
			runOnlyForDeploymentPostprocessing = 0;
		};
		DDA08A341C2428C8000C6B7C /* Sources */ = {
			isa = PBXSourcesBuildPhase;
			buildActionMask = 2147483647;
			files = (
				DDA08A3D1C2428C8000C6B7C /* VendorListTests.m in Sources */,
			);
			runOnlyForDeploymentPostprocessing = 0;
		};
		DDA08A3F1C2428C8000C6B7C /* Sources */ = {
			isa = PBXSourcesBuildPhase;
			buildActionMask = 2147483647;
			files = (
				DDA08A481C2428C8000C6B7C /* VendorListUITests.m in Sources */,
			);
			runOnlyForDeploymentPostprocessing = 0;
		};
/* End PBXSourcesBuildPhase section */

/* Begin PBXTargetDependency section */
		DDA08A3A1C2428C8000C6B7C /* PBXTargetDependency */ = {
			isa = PBXTargetDependency;
			target = DDA08A1E1C2428C8000C6B7C /* VendorList */;
			targetProxy = DDA08A391C2428C8000C6B7C /* PBXContainerItemProxy */;
		};
		DDA08A451C2428C8000C6B7C /* PBXTargetDependency */ = {
			isa = PBXTargetDependency;
			target = DDA08A1E1C2428C8000C6B7C /* VendorList */;
			targetProxy = DDA08A441C2428C8000C6B7C /* PBXContainerItemProxy */;
		};
/* End PBXTargetDependency section */

/* Begin XCBuildConfiguration section */
		DDA08A4A1C2428C8000C6B7C /* Debug */ = {
			isa = XCBuildConfiguration;
			buildSettings = {
				ALWAYS_SEARCH_USER_PATHS = NO;
				CLANG_CXX_LANGUAGE_STANDARD = "gnu++0x";
				CLANG_CXX_LIBRARY = "libc++";
				CLANG_ENABLE_MODULES = YES;
				CLANG_ENABLE_OBJC_ARC = YES;
				CLANG_WARN_BOOL_CONVERSION = YES;
				CLANG_WARN_CONSTANT_CONVERSION = YES;
				CLANG_WARN_DIRECT_OBJC_ISA_USAGE = YES_ERROR;
				CLANG_WARN_EMPTY_BODY = YES;
				CLANG_WARN_ENUM_CONVERSION = YES;
				CLANG_WARN_INT_CONVERSION = YES;
				CLANG_WARN_OBJC_ROOT_CLASS = YES_ERROR;
				CLANG_WARN_UNREACHABLE_CODE = YES;
				CLANG_WARN__DUPLICATE_METHOD_MATCH = YES;
				"CODE_SIGN_IDENTITY[sdk=iphoneos*]" = "iPhone Developer";
				COPY_PHASE_STRIP = NO;
				DEBUG_INFORMATION_FORMAT = dwarf;
				ENABLE_STRICT_OBJC_MSGSEND = YES;
				ENABLE_TESTABILITY = YES;
				GCC_C_LANGUAGE_STANDARD = gnu99;
				GCC_DYNAMIC_NO_PIC = NO;
				GCC_NO_COMMON_BLOCKS = YES;
				GCC_OPTIMIZATION_LEVEL = 0;
				GCC_PREPROCESSOR_DEFINITIONS = (
					"DEBUG=1",
					"$(inherited)",
				);
				GCC_WARN_64_TO_32_BIT_CONVERSION = YES;
				GCC_WARN_ABOUT_RETURN_TYPE = YES_ERROR;
				GCC_WARN_UNDECLARED_SELECTOR = YES;
				GCC_WARN_UNINITIALIZED_AUTOS = YES_AGGRESSIVE;
				GCC_WARN_UNUSED_FUNCTION = YES;
				GCC_WARN_UNUSED_VARIABLE = YES;
				IPHONEOS_DEPLOYMENT_TARGET = 9.2;
				MTL_ENABLE_DEBUG_INFO = YES;
				ONLY_ACTIVE_ARCH = YES;
				SDKROOT = iphoneos;
				TARGETED_DEVICE_FAMILY = "1,2";
			};
			name = Debug;
		};
		DDA08A4B1C2428C8000C6B7C /* Release */ = {
			isa = XCBuildConfiguration;
			buildSettings = {
				ALWAYS_SEARCH_USER_PATHS = NO;
				CLANG_CXX_LANGUAGE_STANDARD = "gnu++0x";
				CLANG_CXX_LIBRARY = "libc++";
				CLANG_ENABLE_MODULES = YES;
				CLANG_ENABLE_OBJC_ARC = YES;
				CLANG_WARN_BOOL_CONVERSION = YES;
				CLANG_WARN_CONSTANT_CONVERSION = YES;
				CLANG_WARN_DIRECT_OBJC_ISA_USAGE = YES_ERROR;
				CLANG_WARN_EMPTY_BODY = YES;
				CLANG_WARN_ENUM_CONVERSION = YES;
				CLANG_WARN_INT_CONVERSION = YES;
				CLANG_WARN_OBJC_ROOT_CLASS = YES_ERROR;
				CLANG_WARN_UNREACHABLE_CODE = YES;
				CLANG_WARN__DUPLICATE_METHOD_MATCH = YES;
				"CODE_SIGN_IDENTITY[sdk=iphoneos*]" = "iPhone Developer";
				COPY_PHASE_STRIP = NO;
				DEBUG_INFORMATION_FORMAT = "dwarf-with-dsym";
				ENABLE_NS_ASSERTIONS = NO;
				ENABLE_STRICT_OBJC_MSGSEND = YES;
				GCC_C_LANGUAGE_STANDARD = gnu99;
				GCC_NO_COMMON_BLOCKS = YES;
				GCC_WARN_64_TO_32_BIT_CONVERSION = YES;
				GCC_WARN_ABOUT_RETURN_TYPE = YES_ERROR;
				GCC_WARN_UNDECLARED_SELECTOR = YES;
				GCC_WARN_UNINITIALIZED_AUTOS = YES_AGGRESSIVE;
				GCC_WARN_UNUSED_FUNCTION = YES;
				GCC_WARN_UNUSED_VARIABLE = YES;
				IPHONEOS_DEPLOYMENT_TARGET = 9.2;
				MTL_ENABLE_DEBUG_INFO = NO;
				SDKROOT = iphoneos;
				TARGETED_DEVICE_FAMILY = "1,2";
				VALIDATE_PRODUCT = YES;
			};
			name = Release;
		};
		DDA08A4D1C2428C8000C6B7C /* Debug */ = {
			isa = XCBuildConfiguration;
			buildSettings = {
				ASSETCATALOG_COMPILER_APPICON_NAME = AppIcon;
				INFOPLIST_FILE = VendorList/Info.plist;
				IPHONEOS_DEPLOYMENT_TARGET = 9.0;
				LD_RUNPATH_SEARCH_PATHS = "$(inherited) @executable_path/Frameworks";
				PRODUCT_BUNDLE_IDENTIFIER = Apple.VendorList;
				PRODUCT_NAME = "$(TARGET_NAME)";
			};
			name = Debug;
		};
		DDA08A4E1C2428C8000C6B7C /* Release */ = {
			isa = XCBuildConfiguration;
			buildSettings = {
				ASSETCATALOG_COMPILER_APPICON_NAME = AppIcon;
				INFOPLIST_FILE = VendorList/Info.plist;
				IPHONEOS_DEPLOYMENT_TARGET = 9.0;
				LD_RUNPATH_SEARCH_PATHS = "$(inherited) @executable_path/Frameworks";
				PRODUCT_BUNDLE_IDENTIFIER = Apple.VendorList;
				PRODUCT_NAME = "$(TARGET_NAME)";
			};
			name = Release;
		};
		DDA08A501C2428C8000C6B7C /* Debug */ = {
			isa = XCBuildConfiguration;
			buildSettings = {
				BUNDLE_LOADER = "$(TEST_HOST)";
				INFOPLIST_FILE = VendorListTests/Info.plist;
				LD_RUNPATH_SEARCH_PATHS = "$(inherited) @executable_path/Frameworks @loader_path/Frameworks";
				PRODUCT_BUNDLE_IDENTIFIER = Apple.VendorListTests;
				PRODUCT_NAME = "$(TARGET_NAME)";
				TEST_HOST = "$(BUILT_PRODUCTS_DIR)/VendorList.app/VendorList";
			};
			name = Debug;
		};
		DDA08A511C2428C8000C6B7C /* Release */ = {
			isa = XCBuildConfiguration;
			buildSettings = {
				BUNDLE_LOADER = "$(TEST_HOST)";
				INFOPLIST_FILE = VendorListTests/Info.plist;
				LD_RUNPATH_SEARCH_PATHS = "$(inherited) @executable_path/Frameworks @loader_path/Frameworks";
				PRODUCT_BUNDLE_IDENTIFIER = Apple.VendorListTests;
				PRODUCT_NAME = "$(TARGET_NAME)";
				TEST_HOST = "$(BUILT_PRODUCTS_DIR)/VendorList.app/VendorList";
			};
			name = Release;
		};
		DDA08A531C2428C8000C6B7C /* Debug */ = {
			isa = XCBuildConfiguration;
			buildSettings = {
				INFOPLIST_FILE = VendorListUITests/Info.plist;
				LD_RUNPATH_SEARCH_PATHS = "$(inherited) @executable_path/Frameworks @loader_path/Frameworks";
				PRODUCT_BUNDLE_IDENTIFIER = Apple.VendorListUITests;
				PRODUCT_NAME = "$(TARGET_NAME)";
				TEST_TARGET_NAME = VendorList;
				USES_XCTRUNNER = YES;
			};
			name = Debug;
		};
		DDA08A541C2428C8000C6B7C /* Release */ = {
			isa = XCBuildConfiguration;
			buildSettings = {
				INFOPLIST_FILE = VendorListUITests/Info.plist;
				LD_RUNPATH_SEARCH_PATHS = "$(inherited) @executable_path/Frameworks @loader_path/Frameworks";
				PRODUCT_BUNDLE_IDENTIFIER = Apple.VendorListUITests;
				PRODUCT_NAME = "$(TARGET_NAME)";
				TEST_TARGET_NAME = VendorList;
				USES_XCTRUNNER = YES;
			};
			name = Release;
		};
/* End XCBuildConfiguration section */

/* Begin XCConfigurationList section */
		DDA08A1A1C2428C8000C6B7C /* Build configuration list for PBXProject "VendorList" */ = {
			isa = XCConfigurationList;
			buildConfigurations = (
				DDA08A4A1C2428C8000C6B7C /* Debug */,
				DDA08A4B1C2428C8000C6B7C /* Release */,
			);
			defaultConfigurationIsVisible = 0;
			defaultConfigurationName = Release;
		};
		DDA08A4C1C2428C8000C6B7C /* Build configuration list for PBXNativeTarget "VendorList" */ = {
			isa = XCConfigurationList;
			buildConfigurations = (
				DDA08A4D1C2428C8000C6B7C /* Debug */,
				DDA08A4E1C2428C8000C6B7C /* Release */,
			);
			defaultConfigurationIsVisible = 0;
			defaultConfigurationName = Release;
		};
		DDA08A4F1C2428C8000C6B7C /* Build configuration list for PBXNativeTarget "VendorListTests" */ = {
			isa = XCConfigurationList;
			buildConfigurations = (
				DDA08A501C2428C8000C6B7C /* Debug */,
				DDA08A511C2428C8000C6B7C /* Release */,
			);
			defaultConfigurationIsVisible = 0;
			defaultConfigurationName = Release;
		};
		DDA08A521C2428C8000C6B7C /* Build configuration list for PBXNativeTarget "VendorListUITests" */ = {
			isa = XCConfigurationList;
			buildConfigurations = (
				DDA08A531C2428C8000C6B7C /* Debug */,
				DDA08A541C2428C8000C6B7C /* Release */,
			);
			defaultConfigurationIsVisible = 0;
			defaultConfigurationName = Release;
		};
/* End XCConfigurationList section */
	};
	rootObject = DDA08A171C2428C8000C6B7C /* Project object */;
}
